
Microsoft Visual Studio Solution File, Format Version 12.00
# Visual Studio Version 17
VisualStudioVersion = 17.0.31919.166
MinimumVisualStudioVersion = 10.0.40219.1
Project("{FAE04EC0-301F-11D3-BF4B-00C04F79EFBC}") = "MarkoWineStore", "MarkoWineStore.csproj", "{A9EEFD0F-6287-493B-8EB6-D65C710A8716}"
EndProject
Global
	GlobalSection(SolutionConfigurationPlatforms) = preSolution
		Debug|Any CPU = Debug|Any CPU
		Release|Any CPU = Release|Any CPU
	EndGlobalSection
	GlobalSection(ProjectConfigurationPlatforms) = postSolution
		{A9EEFD0F-6287-493B-8EB6-D65C710A8716}.Debug|Any CPU.ActiveCfg = Debug|Any CPU
		{A9EEFD0F-6287-493B-8EB6-D65C710A8716}.Debug|Any CPU.Build.0 = Debug|Any CPU
		{A9EEFD0F-6287-493B-8EB6-D65C710A8716}.Release|Any CPU.ActiveCfg = Release|Any CPU
		{A9EEFD0F-6287-493B-8EB6-D65C710A8716}.Release|Any CPU.Build.0 = Release|Any CPU
	EndGlobalSection
	GlobalSection(SolutionProperties) = preSolution
		HideSolutionNode = FALSE
	EndGlobalSection
	GlobalSection(ExtensibilityGlobals) = postSolution
		SolutionGuid = {56B4E509-DC98-490E-B4DA-A1668261080F}
	EndGlobalSection
EndGlobal
